
Microsoft Visual Studio Solution File, Format Version 12.00
# Visual Studio Version 16
Project("{8BC9CEB8-8B4A-11D0-8D11-00A0C91BC942}") = "ALL_BUILD", "ALL_BUILD.vcxproj", "{E2451D0B-9AAE-3CD8-A27B-E3BC1ECE98CD}"
	ProjectSection(ProjectDependencies) = postProject
		{07E056FA-E8F2-331E-BAE3-7B03822F33AB} = {07E056FA-E8F2-331E-BAE3-7B03822F33AB}
		{987045B5-F49C-3DBD-9D35-4B41C754661F} = {987045B5-F49C-3DBD-9D35-4B41C754661F}
		{1245672F-BDE6-38FA-A589-E9559AEFA7C2} = {1245672F-BDE6-38FA-A589-E9559AEFA7C2}
		{50DFEF40-93C3-30A5-B809-46D8E3182544} = {50DFEF40-93C3-30A5-B809-46D8E3182544}
		{4B941A47-C6FC-3D5F-88A4-E5B6F1DB8DAF} = {4B941A47-C6FC-3D5F-88A4-E5B6F1DB8DAF}
		{B1D70348-263F-34B2-8C86-0A33092FB06F} = {B1D70348-263F-34B2-8C86-0A33092FB06F}
		{67F5DB97-44BB-3211-8E79-A4AE7A4057F8} = {67F5DB97-44BB-3211-8E79-A4AE7A4057F8}
		{F0EAE789-AE80-3EAB-9B21-EE514C2465E3} = {F0EAE789-AE80-3EAB-9B21-EE514C2465E3}
		{CB787741-417A-37B4-A2D4-A2325D9E8E78} = {CB787741-417A-37B4-A2D4-A2325D9E8E78}
		{98586317-705F-3555-B3E6-1AECA02F641D} = {98586317-705F-3555-B3E6-1AECA02F641D}
		{68827DB2-7CB0-363A-A94D-9A2686E2E5B5} = {68827DB2-7CB0-363A-A94D-9A2686E2E5B5}
		{E2E16B4B-FE42-3FAD-BADC-4025D887ED5B} = {E2E16B4B-FE42-3FAD-BADC-4025D887ED5B}
	EndProjectSection
EndProject
Project("{8BC9CEB8-8B4A-11D0-8D11-00A0C91BC942}") = "ZERO_CHECK", "ZERO_CHECK.vcxproj", "{07E056FA-E8F2-331E-BAE3-7B03822F33AB}"
	ProjectSection(ProjectDependencies) = postProject
	EndProjectSection
EndProject
Project("{8BC9CEB8-8B4A-11D0-8D11-00A0C91BC942}") = "afl-analyze", "afl-analyze.vcxproj", "{987045B5-F49C-3DBD-9D35-4B41C754661F}"
	ProjectSection(ProjectDependencies) = postProject
		{07E056FA-E8F2-331E-BAE3-7B03822F33AB} = {07E056FA-E8F2-331E-BAE3-7B03822F33AB}
	EndProjectSection
EndProject
Project("{8BC9CEB8-8B4A-11D0-8D11-00A0C91BC942}") = "afl-fuzz", "afl-fuzz.vcxproj", "{1245672F-BDE6-38FA-A589-E9559AEFA7C2}"
	ProjectSection(ProjectDependencies) = postProject
		{07E056FA-E8F2-331E-BAE3-7B03822F33AB} = {07E056FA-E8F2-331E-BAE3-7B03822F33AB}
	EndProjectSection
EndProject
Project("{8BC9CEB8-8B4A-11D0-8D11-00A0C91BC942}") = "afl-showmap", "afl-showmap.vcxproj", "{50DFEF40-93C3-30A5-B809-46D8E3182544}"
	ProjectSection(ProjectDependencies) = postProject
		{07E056FA-E8F2-331E-BAE3-7B03822F33AB} = {07E056FA-E8F2-331E-BAE3-7B03822F33AB}
	EndProjectSection
EndProject
Project("{8BC9CEB8-8B4A-11D0-8D11-00A0C91BC942}") = "afl-tmin", "afl-tmin.vcxproj", "{4B941A47-C6FC-3D5F-88A4-E5B6F1DB8DAF}"
	ProjectSection(ProjectDependencies) = postProject
		{07E056FA-E8F2-331E-BAE3-7B03822F33AB} = {07E056FA-E8F2-331E-BAE3-7B03822F33AB}
	EndProjectSection
EndProject
Project("{8BC9CEB8-8B4A-11D0-8D11-00A0C91BC942}") = "custom_net_fuzzer", "custom_net_fuzzer.vcxproj", "{B1D70348-263F-34B2-8C86-0A33092FB06F}"
	ProjectSection(ProjectDependencies) = postProject
		{07E056FA-E8F2-331E-BAE3-7B03822F33AB} = {07E056FA-E8F2-331E-BAE3-7B03822F33AB}
	EndProjectSection
EndProject
Project("{8BC9CEB8-8B4A-11D0-8D11-00A0C91BC942}") = "custom_winafl_server", "custom_winafl_server.vcxproj", "{67F5DB97-44BB-3211-8E79-A4AE7A4057F8}"
	ProjectSection(ProjectDependencies) = postProject
		{07E056FA-E8F2-331E-BAE3-7B03822F33AB} = {07E056FA-E8F2-331E-BAE3-7B03822F33AB}
	EndProjectSection
EndProject
Project("{8BC9CEB8-8B4A-11D0-8D11-00A0C91BC942}") = "test", "test.vcxproj", "{F0EAE789-AE80-3EAB-9B21-EE514C2465E3}"
	ProjectSection(ProjectDependencies) = postProject
		{07E056FA-E8F2-331E-BAE3-7B03822F33AB} = {07E056FA-E8F2-331E-BAE3-7B03822F33AB}
	EndProjectSection
EndProject
Project("{8BC9CEB8-8B4A-11D0-8D11-00A0C91BC942}") = "test_gdiplus", "test_gdiplus.vcxproj", "{CB787741-417A-37B4-A2D4-A2325D9E8E78}"
	ProjectSection(ProjectDependencies) = postProject
		{07E056FA-E8F2-331E-BAE3-7B03822F33AB} = {07E056FA-E8F2-331E-BAE3-7B03822F33AB}
	EndProjectSection
EndProject
Project("{8BC9CEB8-8B4A-11D0-8D11-00A0C91BC942}") = "test_netmode", "test_netmode.vcxproj", "{98586317-705F-3555-B3E6-1AECA02F641D}"
	ProjectSection(ProjectDependencies) = postProject
		{07E056FA-E8F2-331E-BAE3-7B03822F33AB} = {07E056FA-E8F2-331E-BAE3-7B03822F33AB}
	EndProjectSection
EndProject
Project("{8BC9CEB8-8B4A-11D0-8D11-00A0C91BC942}") = "test_servermode", "test_servermode.vcxproj", "{68827DB2-7CB0-363A-A94D-9A2686E2E5B5}"
	ProjectSection(ProjectDependencies) = postProject
		{07E056FA-E8F2-331E-BAE3-7B03822F33AB} = {07E056FA-E8F2-331E-BAE3-7B03822F33AB}
	EndProjectSection
EndProject
Project("{8BC9CEB8-8B4A-11D0-8D11-00A0C91BC942}") = "winafl", "winafl.vcxproj", "{E2E16B4B-FE42-3FAD-BADC-4025D887ED5B}"
	ProjectSection(ProjectDependencies) = postProject
		{07E056FA-E8F2-331E-BAE3-7B03822F33AB} = {07E056FA-E8F2-331E-BAE3-7B03822F33AB}
	EndProjectSection
EndProject
Global
	GlobalSection(SolutionConfigurationPlatforms) = preSolution
		Debug|x64 = Debug|x64
		Release|x64 = Release|x64
		MinSizeRel|x64 = MinSizeRel|x64
		RelWithDebInfo|x64 = RelWithDebInfo|x64
	EndGlobalSection
	GlobalSection(ProjectConfigurationPlatforms) = postSolution
		{E2451D0B-9AAE-3CD8-A27B-E3BC1ECE98CD}.Debug|x64.ActiveCfg = Debug|x64
		{E2451D0B-9AAE-3CD8-A27B-E3BC1ECE98CD}.Release|x64.ActiveCfg = Release|x64
		{E2451D0B-9AAE-3CD8-A27B-E3BC1ECE98CD}.MinSizeRel|x64.ActiveCfg = MinSizeRel|x64
		{E2451D0B-9AAE-3CD8-A27B-E3BC1ECE98CD}.RelWithDebInfo|x64.ActiveCfg = RelWithDebInfo|x64
		{07E056FA-E8F2-331E-BAE3-7B03822F33AB}.Debug|x64.ActiveCfg = Debug|x64
		{07E056FA-E8F2-331E-BAE3-7B03822F33AB}.Debug|x64.Build.0 = Debug|x64
		{07E056FA-E8F2-331E-BAE3-7B03822F33AB}.Release|x64.ActiveCfg = Release|x64
		{07E056FA-E8F2-331E-BAE3-7B03822F33AB}.Release|x64.Build.0 = Release|x64
		{07E056FA-E8F2-331E-BAE3-7B03822F33AB}.MinSizeRel|x64.ActiveCfg = MinSizeRel|x64
		{07E056FA-E8F2-331E-BAE3-7B03822F33AB}.MinSizeRel|x64.Build.0 = MinSizeRel|x64
		{07E056FA-E8F2-331E-BAE3-7B03822F33AB}.RelWithDebInfo|x64.ActiveCfg = RelWithDebInfo|x64
		{07E056FA-E8F2-331E-BAE3-7B03822F33AB}.RelWithDebInfo|x64.Build.0 = RelWithDebInfo|x64
		{987045B5-F49C-3DBD-9D35-4B41C754661F}.Debug|x64.ActiveCfg = Debug|x64
		{987045B5-F49C-3DBD-9D35-4B41C754661F}.Debug|x64.Build.0 = Debug|x64
		{987045B5-F49C-3DBD-9D35-4B41C754661F}.Release|x64.ActiveCfg = Release|x64
		{987045B5-F49C-3DBD-9D35-4B41C754661F}.Release|x64.Build.0 = Release|x64
		{987045B5-F49C-3DBD-9D35-4B41C754661F}.MinSizeRel|x64.ActiveCfg = MinSizeRel|x64
		{987045B5-F49C-3DBD-9D35-4B41C754661F}.MinSizeRel|x64.Build.0 = MinSizeRel|x64
		{987045B5-F49C-3DBD-9D35-4B41C754661F}.RelWithDebInfo|x64.ActiveCfg = RelWithDebInfo|x64
		{987045B5-F49C-3DBD-9D35-4B41C754661F}.RelWithDebInfo|x64.Build.0 = RelWithDebInfo|x64
		{1245672F-BDE6-38FA-A589-E9559AEFA7C2}.Debug|x64.ActiveCfg = Debug|x64
		{1245672F-BDE6-38FA-A589-E9559AEFA7C2}.Debug|x64.Build.0 = Debug|x64
		{1245672F-BDE6-38FA-A589-E9559AEFA7C2}.Release|x64.ActiveCfg = Release|x64
		{1245672F-BDE6-38FA-A589-E9559AEFA7C2}.Release|x64.Build.0 = Release|x64
		{1245672F-BDE6-38FA-A589-E9559AEFA7C2}.MinSizeRel|x64.ActiveCfg = MinSizeRel|x64
		{1245672F-BDE6-38FA-A589-E9559AEFA7C2}.MinSizeRel|x64.Build.0 = MinSizeRel|x64
		{1245672F-BDE6-38FA-A589-E9559AEFA7C2}.RelWithDebInfo|x64.ActiveCfg = RelWithDebInfo|x64
		{1245672F-BDE6-38FA-A589-E9559AEFA7C2}.RelWithDebInfo|x64.Build.0 = RelWithDebInfo|x64
		{50DFEF40-93C3-30A5-B809-46D8E3182544}.Debug|x64.ActiveCfg = Debug|x64
		{50DFEF40-93C3-30A5-B809-46D8E3182544}.Debug|x64.Build.0 = Debug|x64
		{50DFEF40-93C3-30A5-B809-46D8E3182544}.Release|x64.ActiveCfg = Release|x64
		{50DFEF40-93C3-30A5-B809-46D8E3182544}.Release|x64.Build.0 = Release|x64
		{50DFEF40-93C3-30A5-B809-46D8E3182544}.MinSizeRel|x64.ActiveCfg = MinSizeRel|x64
		{50DFEF40-93C3-30A5-B809-46D8E3182544}.MinSizeRel|x64.Build.0 = MinSizeRel|x64
		{50DFEF40-93C3-30A5-B809-46D8E3182544}.RelWithDebInfo|x64.ActiveCfg = RelWithDebInfo|x64
		{50DFEF40-93C3-30A5-B809-46D8E3182544}.RelWithDebInfo|x64.Build.0 = RelWithDebInfo|x64
		{4B941A47-C6FC-3D5F-88A4-E5B6F1DB8DAF}.Debug|x64.ActiveCfg = Debug|x64
		{4B941A47-C6FC-3D5F-88A4-E5B6F1DB8DAF}.Debug|x64.Build.0 = Debug|x64
		{4B941A47-C6FC-3D5F-88A4-E5B6F1DB8DAF}.Release|x64.ActiveCfg = Release|x64
		{4B941A47-C6FC-3D5F-88A4-E5B6F1DB8DAF}.Release|x64.Build.0 = Release|x64
		{4B941A47-C6FC-3D5F-88A4-E5B6F1DB8DAF}.MinSizeRel|x64.ActiveCfg = MinSizeRel|x64
		{4B941A47-C6FC-3D5F-88A4-E5B6F1DB8DAF}.MinSizeRel|x64.Build.0 = MinSizeRel|x64
		{4B941A47-C6FC-3D5F-88A4-E5B6F1DB8DAF}.RelWithDebInfo|x64.ActiveCfg = RelWithDebInfo|x64
		{4B941A47-C6FC-3D5F-88A4-E5B6F1DB8DAF}.RelWithDebInfo|x64.Build.0 = RelWithDebInfo|x64
		{B1D70348-263F-34B2-8C86-0A33092FB06F}.Debug|x64.ActiveCfg = Debug|x64
		{B1D70348-263F-34B2-8C86-0A33092FB06F}.Debug|x64.Build.0 = Debug|x64
		{B1D70348-263F-34B2-8C86-0A33092FB06F}.Release|x64.ActiveCfg = Release|x64
		{B1D70348-263F-34B2-8C86-0A33092FB06F}.Release|x64.Build.0 = Release|x64
		{B1D70348-263F-34B2-8C86-0A33092FB06F}.MinSizeRel|x64.ActiveCfg = MinSizeRel|x64
		{B1D70348-263F-34B2-8C86-0A33092FB06F}.MinSizeRel|x64.Build.0 = MinSizeRel|x64
		{B1D70348-263F-34B2-8C86-0A33092FB06F}.RelWithDebInfo|x64.ActiveCfg = RelWithDebInfo|x64
		{B1D70348-263F-34B2-8C86-0A33092FB06F}.RelWithDebInfo|x64.Build.0 = RelWithDebInfo|x64
		{67F5DB97-44BB-3211-8E79-A4AE7A4057F8}.Debug|x64.ActiveCfg = Debug|x64
		{67F5DB97-44BB-3211-8E79-A4AE7A4057F8}.Debug|x64.Build.0 = Debug|x64
		{67F5DB97-44BB-3211-8E79-A4AE7A4057F8}.Release|x64.ActiveCfg = Release|x64
		{67F5DB97-44BB-3211-8E79-A4AE7A4057F8}.Release|x64.Build.0 = Release|x64
		{67F5DB97-44BB-3211-8E79-A4AE7A4057F8}.MinSizeRel|x64.ActiveCfg = MinSizeRel|x64
		{67F5DB97-44BB-3211-8E79-A4AE7A4057F8}.MinSizeRel|x64.Build.0 = MinSizeRel|x64
		{67F5DB97-44BB-3211-8E79-A4AE7A4057F8}.RelWithDebInfo|x64.ActiveCfg = RelWithDebInfo|x64
		{67F5DB97-44BB-3211-8E79-A4AE7A4057F8}.RelWithDebInfo|x64.Build.0 = RelWithDebInfo|x64
		{F0EAE789-AE80-3EAB-9B21-EE514C2465E3}.Debug|x64.ActiveCfg = Debug|x64
		{F0EAE789-AE80-3EAB-9B21-EE514C2465E3}.Debug|x64.Build.0 = Debug|x64
		{F0EAE789-AE80-3EAB-9B21-EE514C2465E3}.Release|x64.ActiveCfg = Release|x64
		{F0EAE789-AE80-3EAB-9B21-EE514C2465E3}.Release|x64.Build.0 = Release|x64
		{F0EAE789-AE80-3EAB-9B21-EE514C2465E3}.MinSizeRel|x64.ActiveCfg = MinSizeRel|x64
		{F0EAE789-AE80-3EAB-9B21-EE514C2465E3}.MinSizeRel|x64.Build.0 = MinSizeRel|x64
		{F0EAE789-AE80-3EAB-9B21-EE514C2465E3}.RelWithDebInfo|x64.ActiveCfg = RelWithDebInfo|x64
		{F0EAE789-AE80-3EAB-9B21-EE514C2465E3}.RelWithDebInfo|x64.Build.0 = RelWithDebInfo|x64
		{CB787741-417A-37B4-A2D4-A2325D9E8E78}.Debug|x64.ActiveCfg = Debug|x64
		{CB787741-417A-37B4-A2D4-A2325D9E8E78}.Debug|x64.Build.0 = Debug|x64
		{CB787741-417A-37B4-A2D4-A2325D9E8E78}.Release|x64.ActiveCfg = Release|x64
		{CB787741-417A-37B4-A2D4-A2325D9E8E78}.Release|x64.Build.0 = Release|x64
		{CB787741-417A-37B4-A2D4-A2325D9E8E78}.MinSizeRel|x64.ActiveCfg = MinSizeRel|x64
		{CB787741-417A-37B4-A2D4-A2325D9E8E78}.MinSizeRel|x64.Build.0 = MinSizeRel|x64
		{CB787741-417A-37B4-A2D4-A2325D9E8E78}.RelWithDebInfo|x64.ActiveCfg = RelWithDebInfo|x64
		{CB787741-417A-37B4-A2D4-A2325D9E8E78}.RelWithDebInfo|x64.Build.0 = RelWithDebInfo|x64
		{98586317-705F-3555-B3E6-1AECA02F641D}.Debug|x64.ActiveCfg = Debug|x64
		{98586317-705F-3555-B3E6-1AECA02F641D}.Debug|x64.Build.0 = Debug|x64
		{98586317-705F-3555-B3E6-1AECA02F641D}.Release|x64.ActiveCfg = Release|x64
		{98586317-705F-3555-B3E6-1AECA02F641D}.Release|x64.Build.0 = Release|x64
		{98586317-705F-3555-B3E6-1AECA02F641D}.MinSizeRel|x64.ActiveCfg = MinSizeRel|x64
		{98586317-705F-3555-B3E6-1AECA02F641D}.MinSizeRel|x64.Build.0 = MinSizeRel|x64
		{98586317-705F-3555-B3E6-1AECA02F641D}.RelWithDebInfo|x64.ActiveCfg = RelWithDebInfo|x64
		{98586317-705F-3555-B3E6-1AECA02F641D}.RelWithDebInfo|x64.Build.0 = RelWithDebInfo|x64
		{68827DB2-7CB0-363A-A94D-9A2686E2E5B5}.Debug|x64.ActiveCfg = Debug|x64
		{68827DB2-7CB0-363A-A94D-9A2686E2E5B5}.Debug|x64.Build.0 = Debug|x64
		{68827DB2-7CB0-363A-A94D-9A2686E2E5B5}.Release|x64.ActiveCfg = Release|x64
		{68827DB2-7CB0-363A-A94D-9A2686E2E5B5}.Release|x64.Build.0 = Release|x64
		{68827DB2-7CB0-363A-A94D-9A2686E2E5B5}.MinSizeRel|x64.ActiveCfg = MinSizeRel|x64
		{68827DB2-7CB0-363A-A94D-9A2686E2E5B5}.MinSizeRel|x64.Build.0 = MinSizeRel|x64
		{68827DB2-7CB0-363A-A94D-9A2686E2E5B5}.RelWithDebInfo|x64.ActiveCfg = RelWithDebInfo|x64
		{68827DB2-7CB0-363A-A94D-9A2686E2E5B5}.RelWithDebInfo|x64.Build.0 = RelWithDebInfo|x64
		{E2E16B4B-FE42-3FAD-BADC-4025D887ED5B}.Debug|x64.ActiveCfg = Debug|x64
		{E2E16B4B-FE42-3FAD-BADC-4025D887ED5B}.Debug|x64.Build.0 = Debug|x64
		{E2E16B4B-FE42-3FAD-BADC-4025D887ED5B}.Release|x64.ActiveCfg = Release|x64
		{E2E16B4B-FE42-3FAD-BADC-4025D887ED5B}.Release|x64.Build.0 = Release|x64
		{E2E16B4B-FE42-3FAD-BADC-4025D887ED5B}.MinSizeRel|x64.ActiveCfg = MinSizeRel|x64
		{E2E16B4B-FE42-3FAD-BADC-4025D887ED5B}.MinSizeRel|x64.Build.0 = MinSizeRel|x64
		{E2E16B4B-FE42-3FAD-BADC-4025D887ED5B}.RelWithDebInfo|x64.ActiveCfg = RelWithDebInfo|x64
		{E2E16B4B-FE42-3FAD-BADC-4025D887ED5B}.RelWithDebInfo|x64.Build.0 = RelWithDebInfo|x64
	EndGlobalSection
	GlobalSection(ExtensibilityGlobals) = postSolution
		SolutionGuid = {315D30D1-4EAE-3ECB-AC93-573926B539E9}
	EndGlobalSection
	GlobalSection(ExtensibilityAddIns) = postSolution
	EndGlobalSection
EndGlobal
